
Microsoft Visual Studio Solution File, Format Version 12.00
# Visual Studio Version 16
VisualStudioVersion = 16.0.31829.152
MinimumVisualStudioVersion = 10.0.40219.1
Project("{FAE04EC0-301F-11D3-BF4B-00C04F79EFBC}") = "Zadanie iskluchenie", "Zadanie iskluchenie\Zadanie iskluchenie.csproj", "{65A46845-2E62-4295-93DD-F131B338F074}"
EndProject
Global
	GlobalSection(SolutionConfigurationPlatforms) = preSolution
		Debug|Any CPU = Debug|Any CPU
		Release|Any CPU = Release|Any CPU
	EndGlobalSection
	GlobalSection(ProjectConfigurationPlatforms) = postSolution
		{65A46845-2E62-4295-93DD-F131B338F074}.Debug|Any CPU.ActiveCfg = Debug|Any CPU
		{65A46845-2E62-4295-93DD-F131B338F074}.Debug|Any CPU.Build.0 = Debug|Any CPU
		{65A46845-2E62-4295-93DD-F131B338F074}.Release|Any CPU.ActiveCfg = Release|Any CPU
		{65A46845-2E62-4295-93DD-F131B338F074}.Release|Any CPU.Build.0 = Release|Any CPU
	EndGlobalSection
	GlobalSection(SolutionProperties) = preSolution
		HideSolutionNode = FALSE
	EndGlobalSection
	GlobalSection(ExtensibilityGlobals) = postSolution
		SolutionGuid = {7737E103-232C-4C5B-AC94-010DA9443894}
	EndGlobalSection
EndGlobal
